
Microsoft Visual Studio Solution File, Format Version 12.00
# Visual Studio Version 17
VisualStudioVersion = 17.14.36408.4 d17.14
MinimumVisualStudioVersion = 10.0.40219.1
Project("{FAE04EC0-301F-11D3-BF4B-00C04F79EFBC}") = "pntt_231220952", "pntt_231220952.csproj", "{12FF8859-47DB-42D2-8578-882B19DD7168}"
EndProject
Global
	GlobalSection(SolutionConfigurationPlatforms) = preSolution
		Debug|Any CPU = Debug|Any CPU
		Release|Any CPU = Release|Any CPU
	EndGlobalSection
	GlobalSection(ProjectConfigurationPlatforms) = postSolution
		{12FF8859-47DB-42D2-8578-882B19DD7168}.Debug|Any CPU.ActiveCfg = Debug|Any CPU
		{12FF8859-47DB-42D2-8578-882B19DD7168}.Debug|Any CPU.Build.0 = Debug|Any CPU
		{12FF8859-47DB-42D2-8578-882B19DD7168}.Release|Any CPU.ActiveCfg = Release|Any CPU
		{12FF8859-47DB-42D2-8578-882B19DD7168}.Release|Any CPU.Build.0 = Release|Any CPU
	EndGlobalSection
	GlobalSection(SolutionProperties) = preSolution
		HideSolutionNode = FALSE
	EndGlobalSection
	GlobalSection(ExtensibilityGlobals) = postSolution
		SolutionGuid = {8E3D1670-A1A6-4B73-BEFC-7934957C5AFC}
	EndGlobalSection
EndGlobal
